
Microsoft Visual Studio Solution File, Format Version 12.00
# Visual Studio Version 17
VisualStudioVersion = 17.3.32901.215
MinimumVisualStudioVersion = 10.0.40219.1
Project("{FAE04EC0-301F-11D3-BF4B-00C04F79EFBC}") = "DBConnector", "DBConnector\DBConnector.csproj", "{1018D562-8BBB-47F3-B50B-BCE328AAD2CD}"
EndProject
Global
	GlobalSection(SolutionConfigurationPlatforms) = preSolution
		Debug|Any CPU = Debug|Any CPU
		Release|Any CPU = Release|Any CPU
	EndGlobalSection
	GlobalSection(ProjectConfigurationPlatforms) = postSolution
		{1018D562-8BBB-47F3-B50B-BCE328AAD2CD}.Debug|Any CPU.ActiveCfg = Debug|Any CPU
		{1018D562-8BBB-47F3-B50B-BCE328AAD2CD}.Debug|Any CPU.Build.0 = Debug|Any CPU
		{1018D562-8BBB-47F3-B50B-BCE328AAD2CD}.Release|Any CPU.ActiveCfg = Release|Any CPU
		{1018D562-8BBB-47F3-B50B-BCE328AAD2CD}.Release|Any CPU.Build.0 = Release|Any CPU
	EndGlobalSection
	GlobalSection(SolutionProperties) = preSolution
		HideSolutionNode = FALSE
	EndGlobalSection
	GlobalSection(ExtensibilityGlobals) = postSolution
		SolutionGuid = {ED9507A0-0B6B-4B19-93B0-EEAC0EEEBBF1}
	EndGlobalSection
EndGlobal
